
Microsoft Visual Studio Solution File, Format Version 12.00
# Visual Studio 15
VisualStudioVersion = 15.0.28307.329
MinimumVisualStudioVersion = 10.0.40219.1
Project("{FAE04EC0-301F-11D3-BF4B-00C04F79EFBC}") = "StudentApart", "StudentApart\StudentApart.csproj", "{1789D1CB-3642-4BEF-B61D-050652E51687}"
EndProject
Global
	GlobalSection(SolutionConfigurationPlatforms) = preSolution
		Debug|Any CPU = Debug|Any CPU
		Release|Any CPU = Release|Any CPU
	EndGlobalSection
	GlobalSection(ProjectConfigurationPlatforms) = postSolution
		{1789D1CB-3642-4BEF-B61D-050652E51687}.Debug|Any CPU.ActiveCfg = Debug|Any CPU
		{1789D1CB-3642-4BEF-B61D-050652E51687}.Debug|Any CPU.Build.0 = Debug|Any CPU
		{1789D1CB-3642-4BEF-B61D-050652E51687}.Release|Any CPU.ActiveCfg = Release|Any CPU
		{1789D1CB-3642-4BEF-B61D-050652E51687}.Release|Any CPU.Build.0 = Release|Any CPU
	EndGlobalSection
	GlobalSection(SolutionProperties) = preSolution
		HideSolutionNode = FALSE
	EndGlobalSection
	GlobalSection(ExtensibilityGlobals) = postSolution
		SolutionGuid = {2E0353CF-4983-4D3C-83FB-2592E221139B}
	EndGlobalSection
EndGlobal
